// !$*UTF8*$!
{
	archiveVersion = 1;
	classes = {
	};
	objectVersion = 56;
	objects = {

/* Begin PBXBuildFile section */
		FD4B72C32AA604790025FFB4 /* AppDelegate.swift in Sources */ = {isa = PBXBuildFile; fileRef = FD4B72C22AA604790025FFB4 /* AppDelegate.swift */; };
		FD4B72C52AA604790025FFB4 /* SceneDelegate.swift in Sources */ = {isa = PBXBuildFile; fileRef = FD4B72C42AA604790025FFB4 /* SceneDelegate.swift */; };
		FD4B72C72AA604790025FFB4 /* ViewController.swift in Sources */ = {isa = PBXBuildFile; fileRef = FD4B72C62AA604790025FFB4 /* ViewController.swift */; };
		FD4B72CA2AA604790025FFB4 /* Main.storyboard in Resources */ = {isa = PBXBuildFile; fileRef = FD4B72C82AA604790025FFB4 /* Main.storyboard */; };
		FD4B72CC2AA604790025FFB4 /* Assets.xcassets in Resources */ = {isa = PBXBuildFile; fileRef = FD4B72CB2AA604790025FFB4 /* Assets.xcassets */; };
		FD4B72CF2AA604790025FFB4 /* LaunchScreen.storyboard in Resources */ = {isa = PBXBuildFile; fileRef = FD4B72CD2AA604790025FFB4 /* LaunchScreen.storyboard */; };
		FD4B72DA2AA604790025FFB4 /* TableViewTestTests.swift in Sources */ = {isa = PBXBuildFile; fileRef = FD4B72D92AA604790025FFB4 /* TableViewTestTests.swift */; };
		FD4B72E42AA604790025FFB4 /* TableViewTestUITests.swift in Sources */ = {isa = PBXBuildFile; fileRef = FD4B72E32AA604790025FFB4 /* TableViewTestUITests.swift */; };
		FD4B72E62AA604790025FFB4 /* TableViewTestUITestsLaunchTests.swift in Sources */ = {isa = PBXBuildFile; fileRef = FD4B72E52AA604790025FFB4 /* TableViewTestUITestsLaunchTests.swift */; };
/* End PBXBuildFile section */

/* Begin PBXContainerItemProxy section */
		FD4B72D62AA604790025FFB4 /* PBXContainerItemProxy */ = {
			isa = PBXContainerItemProxy;
			containerPortal = FD4B72B72AA604780025FFB4 /* Project object */;
			proxyType = 1;
			remoteGlobalIDString = FD4B72BE2AA604780025FFB4;
			remoteInfo = TableViewTest;
		};
		FD4B72E02AA604790025FFB4 /* PBXContainerItemProxy */ = {
			isa = PBXContainerItemProxy;
			containerPortal = FD4B72B72AA604780025FFB4 /* Project object */;
			proxyType = 1;
			remoteGlobalIDString = FD4B72BE2AA604780025FFB4;
			remoteInfo = TableViewTest;
		};
/* End PBXContainerItemProxy section */

/* Begin PBXFileReference section */
		FD4B72BF2AA604790025FFB4 /* TableViewTest.app */ = {isa = PBXFileReference; explicitFileType = wrapper.application; includeInIndex = 0; path = TableViewTest.app; sourceTree = BUILT_PRODUCTS_DIR; };
		FD4B72C22AA604790025FFB4 /* AppDelegate.swift */ = {isa = PBXFileReference; lastKnownFileType = sourcecode.swift; path = AppDelegate.swift; sourceTree = "<group>"; };
		FD4B72C42AA604790025FFB4 /* SceneDelegate.swift */ = {isa = PBXFileReference; lastKnownFileType = sourcecode.swift; path = SceneDelegate.swift; sourceTree = "<group>"; };
		FD4B72C62AA604790025FFB4 /* ViewController.swift */ = {isa = PBXFileReference; lastKnownFileType = sourcecode.swift; path = ViewController.swift; sourceTree = "<group>"; };
		FD4B72C92AA604790025FFB4 /* Base */ = {isa = PBXFileReference; lastKnownFileType = file.storyboard; name = Base; path = Base.lproj/Main.storyboard; sourceTree = "<group>"; };
		FD4B72CB2AA604790025FFB4 /* Assets.xcassets */ = {isa = PBXFileReference; lastKnownFileType = folder.assetcatalog; path = Assets.xcassets; sourceTree = "<group>"; };
		FD4B72CE2AA604790025FFB4 /* Base */ = {isa = PBXFileReference; lastKnownFileType = file.storyboard; name = Base; path = Base.lproj/LaunchScreen.storyboard; sourceTree = "<group>"; };
		FD4B72D02AA604790025FFB4 /* Info.plist */ = {isa = PBXFileReference; lastKnownFileType = text.plist.xml; path = Info.plist; sourceTree = "<group>"; };
		FD4B72D52AA604790025FFB4 /* TableViewTestTests.xctest */ = {isa = PBXFileReference; explicitFileType = wrapper.cfbundle; includeInIndex = 0; path = TableViewTestTests.xctest; sourceTree = BUILT_PRODUCTS_DIR; };
		FD4B72D92AA604790025FFB4 /* TableViewTestTests.swift */ = {isa = PBXFileReference; lastKnownFileType = sourcecode.swift; path = TableViewTestTests.swift; sourceTree = "<group>"; };
		FD4B72DF2AA604790025FFB4 /* TableViewTestUITests.xctest */ = {isa = PBXFileReference; explicitFileType = wrapper.cfbundle; includeInIndex = 0; path = TableViewTestUITests.xctest; sourceTree = BUILT_PRODUCTS_DIR; };
		FD4B72E32AA604790025FFB4 /* TableViewTestUITests.swift */ = {isa = PBXFileReference; lastKnownFileType = sourcecode.swift; path = TableViewTestUITests.swift; sourceTree = "<group>"; };
		FD4B72E52AA604790025FFB4 /* TableViewTestUITestsLaunchTests.swift */ = {isa = PBXFileReference; lastKnownFileType = sourcecode.swift; path = TableViewTestUITestsLaunchTests.swift; sourceTree = "<group>"; };
/* End PBXFileReference section */

/* Begin PBXFrameworksBuildPhase section */
		FD4B72BC2AA604780025FFB4 /* Frameworks */ = {
			isa = PBXFrameworksBuildPhase;
			buildActionMask = 2147483647;
			files = (
			);
			runOnlyForDeploymentPostprocessing = 0;
		};
		FD4B72D22AA604790025FFB4 /* Frameworks */ = {
			isa = PBXFrameworksBuildPhase;
			buildActionMask = 2147483647;
			files = (
			);
			runOnlyForDeploymentPostprocessing = 0;
		};
		FD4B72DC2AA604790025FFB4 /* Frameworks */ = {
			isa = PBXFrameworksBuildPhase;
			buildActionMask = 2147483647;
			files = (
			);
			runOnlyForDeploymentPostprocessing = 0;
		};
/* End PBXFrameworksBuildPhase section */

/* Begin PBXGroup section */
		FD4B72B62AA604780025FFB4 = {
			isa = PBXGroup;
			children = (
				FD4B72C12AA604790025FFB4 /* TableViewTest */,
				FD4B72D82AA604790025FFB4 /* TableViewTestTests */,
				FD4B72E22AA604790025FFB4 /* TableViewTestUITests */,
				FD4B72C02AA604790025FFB4 /* Products */,
			);
			sourceTree = "<group>";
		};
		FD4B72C02AA604790025FFB4 /* Products */ = {
			isa = PBXGroup;
			children = (
				FD4B72BF2AA604790025FFB4 /* TableViewTest.app */,
				FD4B72D52AA604790025FFB4 /* TableViewTestTests.xctest */,
				FD4B72DF2AA604790025FFB4 /* TableViewTestUITests.xctest */,
			);
			name = Products;
			sourceTree = "<group>";
		};
		FD4B72C12AA604790025FFB4 /* TableViewTest */ = {
			isa = PBXGroup;
			children = (
				FD4B72C22AA604790025FFB4 /* AppDelegate.swift */,
				FD4B72C42AA604790025FFB4 /* SceneDelegate.swift */,
				FD4B72C62AA604790025FFB4 /* ViewController.swift */,
				FD4B72C82AA604790025FFB4 /* Main.storyboard */,
				FD4B72CB2AA604790025FFB4 /* Assets.xcassets */,
				FD4B72CD2AA604790025FFB4 /* LaunchScreen.storyboard */,
				FD4B72D02AA604790025FFB4 /* Info.plist */,
			);
			path = TableViewTest;
			sourceTree = "<group>";
		};
		FD4B72D82AA604790025FFB4 /* TableViewTestTests */ = {
			isa = PBXGroup;
			children = (
				FD4B72D92AA604790025FFB4 /* TableViewTestTests.swift */,
			);
			path = TableViewTestTests;
			sourceTree = "<group>";
		};
		FD4B72E22AA604790025FFB4 /* TableViewTestUITests */ = {
			isa = PBXGroup;
			children = (
				FD4B72E32AA604790025FFB4 /* TableViewTestUITests.swift */,
				FD4B72E52AA604790025FFB4 /* TableViewTestUITestsLaunchTests.swift */,
			);
			path = TableViewTestUITests;
			sourceTree = "<group>";
		};
/* End PBXGroup section */

/* Begin PBXNativeTarget section */
		FD4B72BE2AA604780025FFB4 /* TableViewTest */ = {
			isa = PBXNativeTarget;
			buildConfigurationList = FD4B72E92AA604790025FFB4 /* Build configuration list for PBXNativeTarget "TableViewTest" */;
			buildPhases = (
				FD4B72BB2AA604780025FFB4 /* Sources */,
				FD4B72BC2AA604780025FFB4 /* Frameworks */,
				FD4B72BD2AA604780025FFB4 /* Resources */,
			);
			buildRules = (
			);
			dependencies = (
			);
			name = TableViewTest;
			productName = TableViewTest;
			productReference = FD4B72BF2AA604790025FFB4 /* TableViewTest.app */;
			productType = "com.apple.product-type.application";
		};
		FD4B72D42AA604790025FFB4 /* TableViewTestTests */ = {
			isa = PBXNativeTarget;
			buildConfigurationList = FD4B72EC2AA604790025FFB4 /* Build configuration list for PBXNativeTarget "TableViewTestTests" */;
			buildPhases = (
				FD4B72D12AA604790025FFB4 /* Sources */,
				FD4B72D22AA604790025FFB4 /* Frameworks */,
				FD4B72D32AA604790025FFB4 /* Resources */,
			);
			buildRules = (
			);
			dependencies = (
				FD4B72D72AA604790025FFB4 /* PBXTargetDependency */,
			);
			name = TableViewTestTests;
			productName = TableViewTestTests;
			productReference = FD4B72D52AA604790025FFB4 /* TableViewTestTests.xctest */;
			productType = "com.apple.product-type.bundle.unit-test";
		};
		FD4B72DE2AA604790025FFB4 /* TableViewTestUITests */ = {
			isa = PBXNativeTarget;
			buildConfigurationList = FD4B72EF2AA604790025FFB4 /* Build configuration list for PBXNativeTarget "TableViewTestUITests" */;
			buildPhases = (
				FD4B72DB2AA604790025FFB4 /* Sources */,
				FD4B72DC2AA604790025FFB4 /* Frameworks */,
				FD4B72DD2AA604790025FFB4 /* Resources */,
			);
			buildRules = (
			);
			dependencies = (
				FD4B72E12AA604790025FFB4 /* PBXTargetDependency */,
			);
			name = TableViewTestUITests;
			productName = TableViewTestUITests;
			productReference = FD4B72DF2AA604790025FFB4 /* TableViewTestUITests.xctest */;
			productType = "com.apple.product-type.bundle.ui-testing";
		};
/* End PBXNativeTarget section */

/* Begin PBXProject section */
		FD4B72B72AA604780025FFB4 /* Project object */ = {
			isa = PBXProject;
			attributes = {
				BuildIndependentTargetsInParallel = 1;
				LastSwiftUpdateCheck = 1430;
				LastUpgradeCheck = 1430;
				TargetAttributes = {
					FD4B72BE2AA604780025FFB4 = {
						CreatedOnToolsVersion = 14.3;
					};
					FD4B72D42AA604790025FFB4 = {
						CreatedOnToolsVersion = 14.3;
						TestTargetID = FD4B72BE2AA604780025FFB4;
					};
					FD4B72DE2AA604790025FFB4 = {
						CreatedOnToolsVersion = 14.3;
						TestTargetID = FD4B72BE2AA604780025FFB4;
					};
				};
			};
			buildConfigurationList = FD4B72BA2AA604780025FFB4 /* Build configuration list for PBXProject "TableViewTest" */;
			compatibilityVersion = "Xcode 14.0";
			developmentRegion = en;
			hasScannedForEncodings = 0;
			knownRegions = (
				en,
				Base,
			);
			mainGroup = FD4B72B62AA604780025FFB4;
			productRefGroup = FD4B72C02AA604790025FFB4 /* Products */;
			projectDirPath = "";
			projectRoot = "";
			targets = (
				FD4B72BE2AA604780025FFB4 /* TableViewTest */,
				FD4B72D42AA604790025FFB4 /* TableViewTestTests */,
				FD4B72DE2AA604790025FFB4 /* TableViewTestUITests */,
			);
		};
/* End PBXProject section */

/* Begin PBXResourcesBuildPhase section */
		FD4B72BD2AA604780025FFB4 /* Resources */ = {
			isa = PBXResourcesBuildPhase;
			buildActionMask = 2147483647;
			files = (
				FD4B72CF2AA604790025FFB4 /* LaunchScreen.storyboard in Resources */,
				FD4B72CC2AA604790025FFB4 /* Assets.xcassets in Resources */,
				FD4B72CA2AA604790025FFB4 /* Main.storyboard in Resources */,
			);
			runOnlyForDeploymentPostprocessing = 0;
		};
		FD4B72D32AA604790025FFB4 /* Resources */ = {
			isa = PBXResourcesBuildPhase;
			buildActionMask = 2147483647;
			files = (
			);
			runOnlyForDeploymentPostprocessing = 0;
		};
		FD4B72DD2AA604790025FFB4 /* Resources */ = {
			isa = PBXResourcesBuildPhase;
			buildActionMask = 2147483647;
			files = (
			);
			runOnlyForDeploymentPostprocessing = 0;
		};
/* End PBXResourcesBuildPhase section */

/* Begin PBXSourcesBuildPhase section */
		FD4B72BB2AA604780025FFB4 /* Sources */ = {
			isa = PBXSourcesBuildPhase;
			buildActionMask = 2147483647;
			files = (
				FD4B72C72AA604790025FFB4 /* ViewController.swift in Sources */,
				FD4B72C32AA604790025FFB4 /* AppDelegate.swift in Sources */,
				FD4B72C52AA604790025FFB4 /* SceneDelegate.swift in Sources */,
			);
			runOnlyForDeploymentPostprocessing = 0;
		};
		FD4B72D12AA604790025FFB4 /* Sources */ = {
			isa = PBXSourcesBuildPhase;
			buildActionMask = 2147483647;
			files = (
				FD4B72DA2AA604790025FFB4 /* TableViewTestTests.swift in Sources */,
			);
			runOnlyForDeploymentPostprocessing = 0;
		};
		FD4B72DB2AA604790025FFB4 /* Sources */ = {
			isa = PBXSourcesBuildPhase;
			buildActionMask = 2147483647;
			files = (
				FD4B72E62AA604790025FFB4 /* TableViewTestUITestsLaunchTests.swift in Sources */,
				FD4B72E42AA604790025FFB4 /* TableViewTestUITests.swift in Sources */,
			);
			runOnlyForDeploymentPostprocessing = 0;
		};
/* End PBXSourcesBuildPhase section */

/* Begin PBXTargetDependency section */
		FD4B72D72AA604790025FFB4 /* PBXTargetDependency */ = {
			isa = PBXTargetDependency;
			target = FD4B72BE2AA604780025FFB4 /* TableViewTest */;
			targetProxy = FD4B72D62AA604790025FFB4 /* PBXContainerItemProxy */;
		};
		FD4B72E12AA604790025FFB4 /* PBXTargetDependency */ = {
			isa = PBXTargetDependency;
			target = FD4B72BE2AA604780025FFB4 /* TableViewTest */;
			targetProxy = FD4B72E02AA604790025FFB4 /* PBXContainerItemProxy */;
		};
/* End PBXTargetDependency section */

/* Begin PBXVariantGroup section */
		FD4B72C82AA604790025FFB4 /* Main.storyboard */ = {
			isa = PBXVariantGroup;
			children = (
				FD4B72C92AA604790025FFB4 /* Base */,
			);
			name = Main.storyboard;
			sourceTree = "<group>";
		};
		FD4B72CD2AA604790025FFB4 /* LaunchScreen.storyboard */ = {
			isa = PBXVariantGroup;
			children = (
				FD4B72CE2AA604790025FFB4 /* Base */,
			);
			name = LaunchScreen.storyboard;
			sourceTree = "<group>";
		};
/* End PBXVariantGroup section */

/* Begin XCBuildConfiguration section */
		FD4B72E72AA604790025FFB4 /* Debug */ = {
			isa = XCBuildConfiguration;
			buildSettings = {
				ALWAYS_SEARCH_USER_PATHS = NO;
				CLANG_ANALYZER_NONNULL = YES;
				CLANG_ANALYZER_NUMBER_OBJECT_CONVERSION = YES_AGGRESSIVE;
				CLANG_CXX_LANGUAGE_STANDARD = "gnu++20";
				CLANG_ENABLE_MODULES = YES;
				CLANG_ENABLE_OBJC_ARC = YES;
				CLANG_ENABLE_OBJC_WEAK = YES;
				CLANG_WARN_BLOCK_CAPTURE_AUTORELEASING = YES;
				CLANG_WARN_BOOL_CONVERSION = YES;
				CLANG_WARN_COMMA = YES;
				CLANG_WARN_CONSTANT_CONVERSION = YES;
				CLANG_WARN_DEPRECATED_OBJC_IMPLEMENTATIONS = YES;
				CLANG_WARN_DIRECT_OBJC_ISA_USAGE = YES_ERROR;
				CLANG_WARN_DOCUMENTATION_COMMENTS = YES;
				CLANG_WARN_EMPTY_BODY = YES;
				CLANG_WARN_ENUM_CONVERSION = YES;
				CLANG_WARN_INFINITE_RECURSION = YES;
				CLANG_WARN_INT_CONVERSION = YES;
				CLANG_WARN_NON_LITERAL_NULL_CONVERSION = YES;
				CLANG_WARN_OBJC_IMPLICIT_RETAIN_SELF = YES;
				CLANG_WARN_OBJC_LITERAL_CONVERSION = YES;
				CLANG_WARN_OBJC_ROOT_CLASS = YES_ERROR;
				CLANG_WARN_QUOTED_INCLUDE_IN_FRAMEWORK_HEADER = YES;
				CLANG_WARN_RANGE_LOOP_ANALYSIS = YES;
				CLANG_WARN_STRICT_PROTOTYPES = YES;
				CLANG_WARN_SUSPICIOUS_MOVE = YES;
				CLANG_WARN_UNGUARDED_AVAILABILITY = YES_AGGRESSIVE;
				CLANG_WARN_UNREACHABLE_CODE = YES;
				CLANG_WARN__DUPLICATE_METHOD_MATCH = YES;
				COPY_PHASE_STRIP = NO;
				DEBUG_INFORMATION_FORMAT = dwarf;
				ENABLE_STRICT_OBJC_MSGSEND = YES;
				ENABLE_TESTABILITY = YES;
				GCC_C_LANGUAGE_STANDARD = gnu11;
				GCC_DYNAMIC_NO_PIC = NO;
				GCC_NO_COMMON_BLOCKS = YES;
				GCC_OPTIMIZATION_LEVEL = 0;
				GCC_PREPROCESSOR_DEFINITIONS = (
					"DEBUG=1",
					"$(inherited)",
				);
				GCC_WARN_64_TO_32_BIT_CONVERSION = YES;
				GCC_WARN_ABOUT_RETURN_TYPE = YES_ERROR;
				GCC_WARN_UNDECLARED_SELECTOR = YES;
				GCC_WARN_UNINITIALIZED_AUTOS = YES_AGGRESSIVE;
				GCC_WARN_UNUSED_FUNCTION = YES;
				GCC_WARN_UNUSED_VARIABLE = YES;
				IPHONEOS_DEPLOYMENT_TARGET = 16.4;
				MTL_ENABLE_DEBUG_INFO = INCLUDE_SOURCE;
				MTL_FAST_MATH = YES;
				ONLY_ACTIVE_ARCH = YES;
				SDKROOT = iphoneos;
				SWIFT_ACTIVE_COMPILATION_CONDITIONS = DEBUG;
				SWIFT_OPTIMIZATION_LEVEL = "-Onone";
			};
			name = Debug;
		};
		FD4B72E82AA604790025FFB4 /* Release */ = {
			isa = XCBuildConfiguration;
			buildSettings = {
				ALWAYS_SEARCH_USER_PATHS = NO;
				CLANG_ANALYZER_NONNULL = YES;
				CLANG_ANALYZER_NUMBER_OBJECT_CONVERSION = YES_AGGRESSIVE;
				CLANG_CXX_LANGUAGE_STANDARD = "gnu++20";
				CLANG_ENABLE_MODULES = YES;
				CLANG_ENABLE_OBJC_ARC = YES;
				CLANG_ENABLE_OBJC_WEAK = YES;
				CLANG_WARN_BLOCK_CAPTURE_AUTORELEASING = YES;
				CLANG_WARN_BOOL_CONVERSION = YES;
				CLANG_WARN_COMMA = YES;
				CLANG_WARN_CONSTANT_CONVERSION = YES;
				CLANG_WARN_DEPRECATED_OBJC_IMPLEMENTATIONS = YES;
				CLANG_WARN_DIRECT_OBJC_ISA_USAGE = YES_ERROR;
				CLANG_WARN_DOCUMENTATION_COMMENTS = YES;
				CLANG_WARN_EMPTY_BODY = YES;
				CLANG_WARN_ENUM_CONVERSION = YES;
				CLANG_WARN_INFINITE_RECURSION = YES;
				CLANG_WARN_INT_CONVERSION = YES;
				CLANG_WARN_NON_LITERAL_NULL_CONVERSION = YES;
				CLANG_WARN_OBJC_IMPLICIT_RETAIN_SELF = YES;
				CLANG_WARN_OBJC_LITERAL_CONVERSION = YES;
				CLANG_WARN_OBJC_ROOT_CLASS = YES_ERROR;
				CLANG_WARN_QUOTED_INCLUDE_IN_FRAMEWORK_HEADER = YES;
				CLANG_WARN_RANGE_LOOP_ANALYSIS = YES;
				CLANG_WARN_STRICT_PROTOTYPES = YES;
				CLANG_WARN_SUSPICIOUS_MOVE = YES;
				CLANG_WARN_UNGUARDED_AVAILABILITY = YES_AGGRESSIVE;
				CLANG_WARN_UNREACHABLE_CODE = YES;
				CLANG_WARN__DUPLICATE_METHOD_MATCH = YES;
				COPY_PHASE_STRIP = NO;
				DEBUG_INFORMATION_FORMAT = "dwarf-with-dsym";
				ENABLE_NS_ASSERTIONS = NO;
				ENABLE_STRICT_OBJC_MSGSEND = YES;
				GCC_C_LANGUAGE_STANDARD = gnu11;
				GCC_NO_COMMON_BLOCKS = YES;
				GCC_WARN_64_TO_32_BIT_CONVERSION = YES;
				GCC_WARN_ABOUT_RETURN_TYPE = YES_ERROR;
				GCC_WARN_UNDECLARED_SELECTOR = YES;
				GCC_WARN_UNINITIALIZED_AUTOS = YES_AGGRESSIVE;
				GCC_WARN_UNUSED_FUNCTION = YES;
				GCC_WARN_UNUSED_VARIABLE = YES;
				IPHONEOS_DEPLOYMENT_TARGET = 16.4;
				MTL_ENABLE_DEBUG_INFO = NO;
				MTL_FAST_MATH = YES;
				SDKROOT = iphoneos;
				SWIFT_COMPILATION_MODE = wholemodule;
				SWIFT_OPTIMIZATION_LEVEL = "-O";
				VALIDATE_PRODUCT = YES;
			};
			name = Release;
		};
		FD4B72EA2AA604790025FFB4 /* Debug */ = {
			isa = XCBuildConfiguration;
			buildSettings = {
				ASSETCATALOG_COMPILER_APPICON_NAME = AppIcon;
				ASSETCATALOG_COMPILER_GLOBAL_ACCENT_COLOR_NAME = AccentColor;
				CODE_SIGN_STYLE = Automatic;
				CURRENT_PROJECT_VERSION = 1;
				DEVELOPMENT_TEAM = JHL6MZS5FG;
				GENERATE_INFOPLIST_FILE = YES;
				INFOPLIST_FILE = TableViewTest/Info.plist;
				INFOPLIST_KEY_UIApplicationSupportsIndirectInputEvents = YES;
				INFOPLIST_KEY_UILaunchStoryboardName = LaunchScreen;
				INFOPLIST_KEY_UIMainStoryboardFile = Main;
				INFOPLIST_KEY_UISupportedInterfaceOrientations_iPad = "UIInterfaceOrientationPortrait UIInterfaceOrientationPortraitUpsideDown UIInterfaceOrientationLandscapeLeft UIInterfaceOrientationLandscapeRight";
				INFOPLIST_KEY_UISupportedInterfaceOrientations_iPhone = "UIInterfaceOrientationPortrait UIInterfaceOrientationLandscapeLeft UIInterfaceOrientationLandscapeRight";
				LD_RUNPATH_SEARCH_PATHS = (
					"$(inherited)",
					"@executable_path/Frameworks",
				);
				MARKETING_VERSION = 1.0;
				PRODUCT_BUNDLE_IDENTIFIER = mert.TableViewTest;
				PRODUCT_NAME = "$(TARGET_NAME)";
				SWIFT_EMIT_LOC_STRINGS = YES;
				SWIFT_VERSION = 5.0;
				TARGETED_DEVICE_FAMILY = "1,2";
			};
			name = Debug;
		};
		FD4B72EB2AA604790025FFB4 /* Release */ = {
			isa = XCBuildConfiguration;
			buildSettings = {
				ASSETCATALOG_COMPILER_APPICON_NAME = AppIcon;
				ASSETCATALOG_COMPILER_GLOBAL_ACCENT_COLOR_NAME = AccentColor;
				CODE_SIGN_STYLE = Automatic;
				CURRENT_PROJECT_VERSION = 1;
				DEVELOPMENT_TEAM = JHL6MZS5FG;
				GENERATE_INFOPLIST_FILE = YES;
				INFOPLIST_FILE = TableViewTest/Info.plist;
				INFOPLIST_KEY_UIApplicationSupportsIndirectInputEvents = YES;
				INFOPLIST_KEY_UILaunchStoryboardName = LaunchScreen;
				INFOPLIST_KEY_UIMainStoryboardFile = Main;
				INFOPLIST_KEY_UISupportedInterfaceOrientations_iPad = "UIInterfaceOrientationPortrait UIInterfaceOrientationPortraitUpsideDown UIInterfaceOrientationLandscapeLeft UIInterfaceOrientationLandscapeRight";
				INFOPLIST_KEY_UISupportedInterfaceOrientations_iPhone = "UIInterfaceOrientationPortrait UIInterfaceOrientationLandscapeLeft UIInterfaceOrientationLandscapeRight";
				LD_RUNPATH_SEARCH_PATHS = (
					"$(inherited)",
					"@executable_path/Frameworks",
				);
				MARKETING_VERSION = 1.0;
				PRODUCT_BUNDLE_IDENTIFIER = mert.TableViewTest;
				PRODUCT_NAME = "$(TARGET_NAME)";
				SWIFT_EMIT_LOC_STRINGS = YES;
				SWIFT_VERSION = 5.0;
				TARGETED_DEVICE_FAMILY = "1,2";
			};
			name = Release;
		};
		FD4B72ED2AA604790025FFB4 /* Debug */ = {
			isa = XCBuildConfiguration;
			buildSettings = {
				ALWAYS_EMBED_SWIFT_STANDARD_LIBRARIES = YES;
				BUNDLE_LOADER = "$(TEST_HOST)";
				CODE_SIGN_STYLE = Automatic;
				CURRENT_PROJECT_VERSION = 1;
				DEVELOPMENT_TEAM = JHL6MZS5FG;
				GENERATE_INFOPLIST_FILE = YES;
				IPHONEOS_DEPLOYMENT_TARGET = 16.4;
				MARKETING_VERSION = 1.0;
				PRODUCT_BUNDLE_IDENTIFIER = mert.TableViewTestTests;
				PRODUCT_NAME = "$(TARGET_NAME)";
				SWIFT_EMIT_LOC_STRINGS = NO;
				SWIFT_VERSION = 5.0;
				TARGETED_DEVICE_FAMILY = "1,2";
				TEST_HOST = "$(BUILT_PRODUCTS_DIR)/TableViewTest.app/$(BUNDLE_EXECUTABLE_FOLDER_PATH)/TableViewTest";
			};
			name = Debug;
		};
		FD4B72EE2AA604790025FFB4 /* Release */ = {
			isa = XCBuildConfiguration;
			buildSettings = {
				ALWAYS_EMBED_SWIFT_STANDARD_LIBRARIES = YES;
				BUNDLE_LOADER = "$(TEST_HOST)";
				CODE_SIGN_STYLE = Automatic;
				CURRENT_PROJECT_VERSION = 1;
				DEVELOPMENT_TEAM = JHL6MZS5FG;
				GENERATE_INFOPLIST_FILE = YES;
				IPHONEOS_DEPLOYMENT_TARGET = 16.4;
				MARKETING_VERSION = 1.0;
				PRODUCT_BUNDLE_IDENTIFIER = mert.TableViewTestTests;
				PRODUCT_NAME = "$(TARGET_NAME)";
				SWIFT_EMIT_LOC_STRINGS = NO;
				SWIFT_VERSION = 5.0;
				TARGETED_DEVICE_FAMILY = "1,2";
				TEST_HOST = "$(BUILT_PRODUCTS_DIR)/TableViewTest.app/$(BUNDLE_EXECUTABLE_FOLDER_PATH)/TableViewTest";
			};
			name = Release;
		};
		FD4B72F02AA604790025FFB4 /* Debug */ = {
			isa = XCBuildConfiguration;
			buildSettings = {
				ALWAYS_EMBED_SWIFT_STANDARD_LIBRARIES = YES;
				CODE_SIGN_STYLE = Automatic;
				CURRENT_PROJECT_VERSION = 1;
				DEVELOPMENT_TEAM = JHL6MZS5FG;
				GENERATE_INFOPLIST_FILE = YES;
				MARKETING_VERSION = 1.0;
				PRODUCT_BUNDLE_IDENTIFIER = mert.TableViewTestUITests;
				PRODUCT_NAME = "$(TARGET_NAME)";
				SWIFT_EMIT_LOC_STRINGS = NO;
				SWIFT_VERSION = 5.0;
				TARGETED_DEVICE_FAMILY = "1,2";
				TEST_TARGET_NAME = TableViewTest;
			};
			name = Debug;
		};
		FD4B72F12AA604790025FFB4 /* Release */ = {
			isa = XCBuildConfiguration;
			buildSettings = {
				ALWAYS_EMBED_SWIFT_STANDARD_LIBRARIES = YES;
				CODE_SIGN_STYLE = Automatic;
				CURRENT_PROJECT_VERSION = 1;
				DEVELOPMENT_TEAM = JHL6MZS5FG;
				GENERATE_INFOPLIST_FILE = YES;
				MARKETING_VERSION = 1.0;
				PRODUCT_BUNDLE_IDENTIFIER = mert.TableViewTestUITests;
				PRODUCT_NAME = "$(TARGET_NAME)";
				SWIFT_EMIT_LOC_STRINGS = NO;
				SWIFT_VERSION = 5.0;
				TARGETED_DEVICE_FAMILY = "1,2";
				TEST_TARGET_NAME = TableViewTest;
			};
			name = Release;
		};
/* End XCBuildConfiguration section */

/* Begin XCConfigurationList section */
		FD4B72BA2AA604780025FFB4 /* Build configuration list for PBXProject "TableViewTest" */ = {
			isa = XCConfigurationList;
			buildConfigurations = (
				FD4B72E72AA604790025FFB4 /* Debug */,
				FD4B72E82AA604790025FFB4 /* Release */,
			);
			defaultConfigurationIsVisible = 0;
			defaultConfigurationName = Release;
		};
		FD4B72E92AA604790025FFB4 /* Build configuration list for PBXNativeTarget "TableViewTest" */ = {
			isa = XCConfigurationList;
			buildConfigurations = (
				FD4B72EA2AA604790025FFB4 /* Debug */,
				FD4B72EB2AA604790025FFB4 /* Release */,
			);
			defaultConfigurationIsVisible = 0;
			defaultConfigurationName = Release;
		};
		FD4B72EC2AA604790025FFB4 /* Build configuration list for PBXNativeTarget "TableViewTestTests" */ = {
			isa = XCConfigurationList;
			buildConfigurations = (
				FD4B72ED2AA604790025FFB4 /* Debug */,
				FD4B72EE2AA604790025FFB4 /* Release */,
			);
			defaultConfigurationIsVisible = 0;
			defaultConfigurationName = Release;
		};
		FD4B72EF2AA604790025FFB4 /* Build configuration list for PBXNativeTarget "TableViewTestUITests" */ = {
			isa = XCConfigurationList;
			buildConfigurations = (
				FD4B72F02AA604790025FFB4 /* Debug */,
				FD4B72F12AA604790025FFB4 /* Release */,
			);
			defaultConfigurationIsVisible = 0;
			defaultConfigurationName = Release;
		};
/* End XCConfigurationList section */
	};
	rootObject = FD4B72B72AA604780025FFB4 /* Project object */;
}
